// !$*UTF8*$!
{
	archiveVersion = 1;
	classes = {
	};
	objectVersion = 50;
	objects = {

/* Begin PBXBuildFile section */
		92ECC5CF228301B90004AF7C /* AppDelegate.swift in Sources */ = {isa = PBXBuildFile; fileRef = 92ECC5CE228301B90004AF7C /* AppDelegate.swift */; };
		92ECC5D1228301B90004AF7C /* ViewController.swift in Sources */ = {isa = PBXBuildFile; fileRef = 92ECC5D0228301B90004AF7C /* ViewController.swift */; };
		92ECC5D4228301B90004AF7C /* Main.storyboard in Resources */ = {isa = PBXBuildFile; fileRef = 92ECC5D2228301B90004AF7C /* Main.storyboard */; };
		92ECC5D6228301BA0004AF7C /* Assets.xcassets in Resources */ = {isa = PBXBuildFile; fileRef = 92ECC5D5228301BA0004AF7C /* Assets.xcassets */; };
		92ECC5D9228301BA0004AF7C /* LaunchScreen.storyboard in Resources */ = {isa = PBXBuildFile; fileRef = 92ECC5D7228301BA0004AF7C /* LaunchScreen.storyboard */; };
		92ECC5E5228302D20004AF7C /* Openpay.h in CopyFiles */ = {isa = PBXBuildFile; fileRef = 92ECC5E1228302D20004AF7C /* Openpay.h */; };
		92ECC5E6228302D20004AF7C /* OPCard.h in CopyFiles */ = {isa = PBXBuildFile; fileRef = 92ECC5E2228302D20004AF7C /* OPCard.h */; };
		92ECC5E7228302D20004AF7C /* OPToken.h in CopyFiles */ = {isa = PBXBuildFile; fileRef = 92ECC5E3228302D20004AF7C /* OPToken.h */; };
		92ECC5E8228302D20004AF7C /* OPAddress.h in CopyFiles */ = {isa = PBXBuildFile; fileRef = 92ECC5E4228302D20004AF7C /* OPAddress.h */; };
		92ECC5EB228302F10004AF7C /* Openpay.a in Frameworks */ = {isa = PBXBuildFile; fileRef = 92ECC5EA228302F10004AF7C /* Openpay.a */; };
/* End PBXBuildFile section */

/* Begin PBXCopyFilesBuildPhase section */
		92ECC5E0228302A50004AF7C /* CopyFiles */ = {
			isa = PBXCopyFilesBuildPhase;
			buildActionMask = 2147483647;
			dstPath = "include/$(PRODUCT_NAME)";
			dstSubfolderSpec = 16;
			files = (
				92ECC5E5228302D20004AF7C /* Openpay.h in CopyFiles */,
				92ECC5E6228302D20004AF7C /* OPCard.h in CopyFiles */,
				92ECC5E7228302D20004AF7C /* OPToken.h in CopyFiles */,
				92ECC5E8228302D20004AF7C /* OPAddress.h in CopyFiles */,
			);
			runOnlyForDeploymentPostprocessing = 0;
		};
/* End PBXCopyFilesBuildPhase section */

/* Begin PBXFileReference section */
		92ECC5CB228301B90004AF7C /* OpenpayPoC-Swift.app */ = {isa = PBXFileReference; explicitFileType = wrapper.application; includeInIndex = 0; path = "OpenpayPoC-Swift.app"; sourceTree = BUILT_PRODUCTS_DIR; };
		92ECC5CE228301B90004AF7C /* AppDelegate.swift */ = {isa = PBXFileReference; lastKnownFileType = sourcecode.swift; path = AppDelegate.swift; sourceTree = "<group>"; };
		92ECC5D0228301B90004AF7C /* ViewController.swift */ = {isa = PBXFileReference; lastKnownFileType = sourcecode.swift; path = ViewController.swift; sourceTree = "<group>"; };
		92ECC5D3228301B90004AF7C /* Base */ = {isa = PBXFileReference; lastKnownFileType = file.storyboard; name = Base; path = Base.lproj/Main.storyboard; sourceTree = "<group>"; };
		92ECC5D5228301BA0004AF7C /* Assets.xcassets */ = {isa = PBXFileReference; lastKnownFileType = folder.assetcatalog; path = Assets.xcassets; sourceTree = "<group>"; };
		92ECC5D8228301BA0004AF7C /* Base */ = {isa = PBXFileReference; lastKnownFileType = file.storyboard; name = Base; path = Base.lproj/LaunchScreen.storyboard; sourceTree = "<group>"; };
		92ECC5DA228301BA0004AF7C /* Info.plist */ = {isa = PBXFileReference; lastKnownFileType = text.plist.xml; path = Info.plist; sourceTree = "<group>"; };
		92ECC5E1228302D20004AF7C /* Openpay.h */ = {isa = PBXFileReference; lastKnownFileType = sourcecode.c.h; name = Openpay.h; path = "OpenpaySDK-v2.0.1/include/Openpay.h"; sourceTree = "<group>"; };
		92ECC5E2228302D20004AF7C /* OPCard.h */ = {isa = PBXFileReference; lastKnownFileType = sourcecode.c.h; name = OPCard.h; path = "OpenpaySDK-v2.0.1/include/OPCard.h"; sourceTree = "<group>"; };
		92ECC5E3228302D20004AF7C /* OPToken.h */ = {isa = PBXFileReference; lastKnownFileType = sourcecode.c.h; name = OPToken.h; path = "OpenpaySDK-v2.0.1/include/OPToken.h"; sourceTree = "<group>"; };
		92ECC5E4228302D20004AF7C /* OPAddress.h */ = {isa = PBXFileReference; lastKnownFileType = sourcecode.c.h; name = OPAddress.h; path = "OpenpaySDK-v2.0.1/include/OPAddress.h"; sourceTree = "<group>"; };
		92ECC5EA228302F10004AF7C /* Openpay.a */ = {isa = PBXFileReference; lastKnownFileType = archive.ar; name = Openpay.a; path = "OpenpaySDK-v2.0.1/Openpay.a"; sourceTree = "<group>"; };
		92ECC5EE228303610004AF7C /* OpenpayPoC-Swift-Bridging-Header.h */ = {isa = PBXFileReference; lastKnownFileType = sourcecode.c.h; path = "OpenpayPoC-Swift-Bridging-Header.h"; sourceTree = "<group>"; };
/* End PBXFileReference section */

/* Begin PBXFrameworksBuildPhase section */
		92ECC5C8228301B90004AF7C /* Frameworks */ = {
			isa = PBXFrameworksBuildPhase;
			buildActionMask = 2147483647;
			files = (
				92ECC5EB228302F10004AF7C /* Openpay.a in Frameworks */,
			);
			runOnlyForDeploymentPostprocessing = 0;
		};
/* End PBXFrameworksBuildPhase section */

/* Begin PBXGroup section */
		92ECC5C2228301B90004AF7C = {
			isa = PBXGroup;
			children = (
				92ECC5CD228301B90004AF7C /* OpenpayPoC-Swift */,
				92ECC5CC228301B90004AF7C /* Products */,
				92ECC5E9228302F00004AF7C /* Frameworks */,
			);
			sourceTree = "<group>";
		};
		92ECC5CC228301B90004AF7C /* Products */ = {
			isa = PBXGroup;
			children = (
				92ECC5CB228301B90004AF7C /* OpenpayPoC-Swift.app */,
			);
			name = Products;
			sourceTree = "<group>";
		};
		92ECC5CD228301B90004AF7C /* OpenpayPoC-Swift */ = {
			isa = PBXGroup;
			children = (
				92ECC5CE228301B90004AF7C /* AppDelegate.swift */,
				92ECC5D0228301B90004AF7C /* ViewController.swift */,
				92ECC5D2228301B90004AF7C /* Main.storyboard */,
				92ECC5D5228301BA0004AF7C /* Assets.xcassets */,
				92ECC5D7228301BA0004AF7C /* LaunchScreen.storyboard */,
				92ECC5DA228301BA0004AF7C /* Info.plist */,
				92ECC5EE228303610004AF7C /* OpenpayPoC-Swift-Bridging-Header.h */,
			);
			path = "OpenpayPoC-Swift";
			sourceTree = "<group>";
		};
		92ECC5E9228302F00004AF7C /* Frameworks */ = {
			isa = PBXGroup;
			children = (
				92ECC5ED2283030C0004AF7C /* Openpay */,
			);
			name = Frameworks;
			sourceTree = "<group>";
		};
		92ECC5ED2283030C0004AF7C /* Openpay */ = {
			isa = PBXGroup;
			children = (
				92ECC5E4228302D20004AF7C /* OPAddress.h */,
				92ECC5E2228302D20004AF7C /* OPCard.h */,
				92ECC5E1228302D20004AF7C /* Openpay.h */,
				92ECC5E3228302D20004AF7C /* OPToken.h */,
				92ECC5EA228302F10004AF7C /* Openpay.a */,
			);
			name = Openpay;
			sourceTree = "<group>";
		};
/* End PBXGroup section */

/* Begin PBXNativeTarget section */
		92ECC5CA228301B90004AF7C /* OpenpayPoC-Swift */ = {
			isa = PBXNativeTarget;
			buildConfigurationList = 92ECC5DD228301BA0004AF7C /* Build configuration list for PBXNativeTarget "OpenpayPoC-Swift" */;
			buildPhases = (
				92ECC5C7228301B90004AF7C /* Sources */,
				92ECC5C8228301B90004AF7C /* Frameworks */,
				92ECC5C9228301B90004AF7C /* Resources */,
				92ECC5E0228302A50004AF7C /* CopyFiles */,
			);
			buildRules = (
			);
			dependencies = (
			);
			name = "OpenpayPoC-Swift";
			productName = "OpenpayPoC-Swift";
			productReference = 92ECC5CB228301B90004AF7C /* OpenpayPoC-Swift.app */;
			productType = "com.apple.product-type.application";
		};
/* End PBXNativeTarget section */

/* Begin PBXProject section */
		92ECC5C3228301B90004AF7C /* Project object */ = {
			isa = PBXProject;
			attributes = {
				LastSwiftUpdateCheck = 1020;
				LastUpgradeCheck = 1020;
				ORGANIZATIONNAME = "Daniel Reyes";
				TargetAttributes = {
					92ECC5CA228301B90004AF7C = {
						CreatedOnToolsVersion = 10.2.1;
						LastSwiftMigration = 1020;
					};
				};
			};
			buildConfigurationList = 92ECC5C6228301B90004AF7C /* Build configuration list for PBXProject "OpenpayPoC-Swift" */;
			compatibilityVersion = "Xcode 9.3";
			developmentRegion = en;
			hasScannedForEncodings = 0;
			knownRegions = (
				en,
				Base,
			);
			mainGroup = 92ECC5C2228301B90004AF7C;
			productRefGroup = 92ECC5CC228301B90004AF7C /* Products */;
			projectDirPath = "";
			projectRoot = "";
			targets = (
				92ECC5CA228301B90004AF7C /* OpenpayPoC-Swift */,
			);
		};
/* End PBXProject section */

/* Begin PBXResourcesBuildPhase section */
		92ECC5C9228301B90004AF7C /* Resources */ = {
			isa = PBXResourcesBuildPhase;
			buildActionMask = 2147483647;
			files = (
				92ECC5D9228301BA0004AF7C /* LaunchScreen.storyboard in Resources */,
				92ECC5D6228301BA0004AF7C /* Assets.xcassets in Resources */,
				92ECC5D4228301B90004AF7C /* Main.storyboard in Resources */,
			);
			runOnlyForDeploymentPostprocessing = 0;
		};
/* End PBXResourcesBuildPhase section */

/* Begin PBXSourcesBuildPhase section */
		92ECC5C7228301B90004AF7C /* Sources */ = {
			isa = PBXSourcesBuildPhase;
			buildActionMask = 2147483647;
			files = (
				92ECC5D1228301B90004AF7C /* ViewController.swift in Sources */,
				92ECC5CF228301B90004AF7C /* AppDelegate.swift in Sources */,
			);
			runOnlyForDeploymentPostprocessing = 0;
		};
/* End PBXSourcesBuildPhase section */

/* Begin PBXVariantGroup section */
		92ECC5D2228301B90004AF7C /* Main.storyboard */ = {
			isa = PBXVariantGroup;
			children = (
				92ECC5D3228301B90004AF7C /* Base */,
			);
			name = Main.storyboard;
			sourceTree = "<group>";
		};
		92ECC5D7228301BA0004AF7C /* LaunchScreen.storyboard */ = {
			isa = PBXVariantGroup;
			children = (
				92ECC5D8228301BA0004AF7C /* Base */,
			);
			name = LaunchScreen.storyboard;
			sourceTree = "<group>";
		};
/* End PBXVariantGroup section */

/* Begin XCBuildConfiguration section */
		92ECC5DB228301BA0004AF7C /* Debug */ = {
			isa = XCBuildConfiguration;
			buildSettings = {
				ALWAYS_SEARCH_USER_PATHS = NO;
				CLANG_ANALYZER_NONNULL = YES;
				CLANG_ANALYZER_NUMBER_OBJECT_CONVERSION = YES_AGGRESSIVE;
				CLANG_CXX_LANGUAGE_STANDARD = "gnu++14";
				CLANG_CXX_LIBRARY = "libc++";
				CLANG_ENABLE_MODULES = YES;
				CLANG_ENABLE_OBJC_ARC = YES;
				CLANG_ENABLE_OBJC_WEAK = YES;
				CLANG_WARN_BLOCK_CAPTURE_AUTORELEASING = YES;
				CLANG_WARN_BOOL_CONVERSION = YES;
				CLANG_WARN_COMMA = YES;
				CLANG_WARN_CONSTANT_CONVERSION = YES;
				CLANG_WARN_DEPRECATED_OBJC_IMPLEMENTATIONS = YES;
				CLANG_WARN_DIRECT_OBJC_ISA_USAGE = YES_ERROR;
				CLANG_WARN_DOCUMENTATION_COMMENTS = YES;
				CLANG_WARN_EMPTY_BODY = YES;
				CLANG_WARN_ENUM_CONVERSION = YES;
				CLANG_WARN_INFINITE_RECURSION = YES;
				CLANG_WARN_INT_CONVERSION = YES;
				CLANG_WARN_NON_LITERAL_NULL_CONVERSION = YES;
				CLANG_WARN_OBJC_IMPLICIT_RETAIN_SELF = YES;
				CLANG_WARN_OBJC_LITERAL_CONVERSION = YES;
				CLANG_WARN_OBJC_ROOT_CLASS = YES_ERROR;
				CLANG_WARN_RANGE_LOOP_ANALYSIS = YES;
				CLANG_WARN_STRICT_PROTOTYPES = YES;
				CLANG_WARN_SUSPICIOUS_MOVE = YES;
				CLANG_WARN_UNGUARDED_AVAILABILITY = YES_AGGRESSIVE;
				CLANG_WARN_UNREACHABLE_CODE = YES;
				CLANG_WARN__DUPLICATE_METHOD_MATCH = YES;
				CODE_SIGN_IDENTITY = "iPhone Developer";
				COPY_PHASE_STRIP = NO;
				DEBUG_INFORMATION_FORMAT = dwarf;
				ENABLE_STRICT_OBJC_MSGSEND = YES;
				ENABLE_TESTABILITY = YES;
				GCC_C_LANGUAGE_STANDARD = gnu11;
				GCC_DYNAMIC_NO_PIC = NO;
				GCC_NO_COMMON_BLOCKS = YES;
				GCC_OPTIMIZATION_LEVEL = 0;
				GCC_PREPROCESSOR_DEFINITIONS = (
					"DEBUG=1",
					"$(inherited)",
				);
				GCC_WARN_64_TO_32_BIT_CONVERSION = YES;
				GCC_WARN_ABOUT_RETURN_TYPE = YES_ERROR;
				GCC_WARN_UNDECLARED_SELECTOR = YES;
				GCC_WARN_UNINITIALIZED_AUTOS = YES_AGGRESSIVE;
				GCC_WARN_UNUSED_FUNCTION = YES;
				GCC_WARN_UNUSED_VARIABLE = YES;
				IPHONEOS_DEPLOYMENT_TARGET = 12.2;
				MTL_ENABLE_DEBUG_INFO = INCLUDE_SOURCE;
				MTL_FAST_MATH = YES;
				ONLY_ACTIVE_ARCH = YES;
				SDKROOT = iphoneos;
				SWIFT_ACTIVE_COMPILATION_CONDITIONS = DEBUG;
				SWIFT_OPTIMIZATION_LEVEL = "-Onone";
			};
			name = Debug;
		};
		92ECC5DC228301BA0004AF7C /* Release */ = {
			isa = XCBuildConfiguration;
			buildSettings = {
				ALWAYS_SEARCH_USER_PATHS = NO;
				CLANG_ANALYZER_NONNULL = YES;
				CLANG_ANALYZER_NUMBER_OBJECT_CONVERSION = YES_AGGRESSIVE;
				CLANG_CXX_LANGUAGE_STANDARD = "gnu++14";
				CLANG_CXX_LIBRARY = "libc++";
				CLANG_ENABLE_MODULES = YES;
				CLANG_ENABLE_OBJC_ARC = YES;
				CLANG_ENABLE_OBJC_WEAK = YES;
				CLANG_WARN_BLOCK_CAPTURE_AUTORELEASING = YES;
				CLANG_WARN_BOOL_CONVERSION = YES;
				CLANG_WARN_COMMA = YES;
				CLANG_WARN_CONSTANT_CONVERSION = YES;
				CLANG_WARN_DEPRECATED_OBJC_IMPLEMENTATIONS = YES;
				CLANG_WARN_DIRECT_OBJC_ISA_USAGE = YES_ERROR;
				CLANG_WARN_DOCUMENTATION_COMMENTS = YES;
				CLANG_WARN_EMPTY_BODY = YES;
				CLANG_WARN_ENUM_CONVERSION = YES;
				CLANG_WARN_INFINITE_RECURSION = YES;
				CLANG_WARN_INT_CONVERSION = YES;
				CLANG_WARN_NON_LITERAL_NULL_CONVERSION = YES;
				CLANG_WARN_OBJC_IMPLICIT_RETAIN_SELF = YES;
				CLANG_WARN_OBJC_LITERAL_CONVERSION = YES;
				CLANG_WARN_OBJC_ROOT_CLASS = YES_ERROR;
				CLANG_WARN_RANGE_LOOP_ANALYSIS = YES;
				CLANG_WARN_STRICT_PROTOTYPES = YES;
				CLANG_WARN_SUSPICIOUS_MOVE = YES;
				CLANG_WARN_UNGUARDED_AVAILABILITY = YES_AGGRESSIVE;
				CLANG_WARN_UNREACHABLE_CODE = YES;
				CLANG_WARN__DUPLICATE_METHOD_MATCH = YES;
				CODE_SIGN_IDENTITY = "iPhone Developer";
				COPY_PHASE_STRIP = NO;
				DEBUG_INFORMATION_FORMAT = "dwarf-with-dsym";
				ENABLE_NS_ASSERTIONS = NO;
				ENABLE_STRICT_OBJC_MSGSEND = YES;
				GCC_C_LANGUAGE_STANDARD = gnu11;
				GCC_NO_COMMON_BLOCKS = YES;
				GCC_WARN_64_TO_32_BIT_CONVERSION = YES;
				GCC_WARN_ABOUT_RETURN_TYPE = YES_ERROR;
				GCC_WARN_UNDECLARED_SELECTOR = YES;
				GCC_WARN_UNINITIALIZED_AUTOS = YES_AGGRESSIVE;
				GCC_WARN_UNUSED_FUNCTION = YES;
				GCC_WARN_UNUSED_VARIABLE = YES;
				IPHONEOS_DEPLOYMENT_TARGET = 12.2;
				MTL_ENABLE_DEBUG_INFO = NO;
				MTL_FAST_MATH = YES;
				SDKROOT = iphoneos;
				SWIFT_COMPILATION_MODE = wholemodule;
				SWIFT_OPTIMIZATION_LEVEL = "-O";
				VALIDATE_PRODUCT = YES;
			};
			name = Release;
		};
		92ECC5DE228301BA0004AF7C /* Debug */ = {
			isa = XCBuildConfiguration;
			buildSettings = {
				ASSETCATALOG_COMPILER_APPICON_NAME = AppIcon;
				CLANG_ENABLE_MODULES = YES;
				CODE_SIGN_STYLE = Automatic;
				DEVELOPMENT_TEAM = RV42WS6MKU;
				INFOPLIST_FILE = "OpenpayPoC-Swift/Info.plist";
				LD_RUNPATH_SEARCH_PATHS = (
					"$(inherited)",
					"@executable_path/Frameworks",
				);
				LIBRARY_SEARCH_PATHS = (
					"$(inherited)",
					"$(PROJECT_DIR)/OpenpaySDK-v2.0.1",
				);
				PRODUCT_BUNDLE_IDENTIFIER = "mx.skylabs.OpenpayPoC-Swift";
				PRODUCT_NAME = "$(TARGET_NAME)";
				SWIFT_OBJC_BRIDGING_HEADER = "OpenpayPoC-Swift/OpenpayPoC-Swift-Bridging-Header.h";
				SWIFT_OPTIMIZATION_LEVEL = "-Onone";
				SWIFT_VERSION = 5.0;
				TARGETED_DEVICE_FAMILY = "1,2";
			};
			name = Debug;
		};
		92ECC5DF228301BA0004AF7C /* Release */ = {
			isa = XCBuildConfiguration;
			buildSettings = {
				ASSETCATALOG_COMPILER_APPICON_NAME = AppIcon;
				CLANG_ENABLE_MODULES = YES;
				CODE_SIGN_STYLE = Automatic;
				DEVELOPMENT_TEAM = RV42WS6MKU;
				INFOPLIST_FILE = "OpenpayPoC-Swift/Info.plist";
				LD_RUNPATH_SEARCH_PATHS = (
					"$(inherited)",
					"@executable_path/Frameworks",
				);
				LIBRARY_SEARCH_PATHS = (
					"$(inherited)",
					"$(PROJECT_DIR)/OpenpaySDK-v2.0.1",
				);
				PRODUCT_BUNDLE_IDENTIFIER = "mx.skylabs.OpenpayPoC-Swift";
				PRODUCT_NAME = "$(TARGET_NAME)";
				SWIFT_OBJC_BRIDGING_HEADER = "OpenpayPoC-Swift/OpenpayPoC-Swift-Bridging-Header.h";
				SWIFT_VERSION = 5.0;
				TARGETED_DEVICE_FAMILY = "1,2";
			};
			name = Release;
		};
/* End XCBuildConfiguration section */

/* Begin XCConfigurationList section */
		92ECC5C6228301B90004AF7C /* Build configuration list for PBXProject "OpenpayPoC-Swift" */ = {
			isa = XCConfigurationList;
			buildConfigurations = (
				92ECC5DB228301BA0004AF7C /* Debug */,
				92ECC5DC228301BA0004AF7C /* Release */,
			);
			defaultConfigurationIsVisible = 0;
			defaultConfigurationName = Release;
		};
		92ECC5DD228301BA0004AF7C /* Build configuration list for PBXNativeTarget "OpenpayPoC-Swift" */ = {
			isa = XCConfigurationList;
			buildConfigurations = (
				92ECC5DE228301BA0004AF7C /* Debug */,
				92ECC5DF228301BA0004AF7C /* Release */,
			);
			defaultConfigurationIsVisible = 0;
			defaultConfigurationName = Release;
		};
/* End XCConfigurationList section */
	};
	rootObject = 92ECC5C3228301B90004AF7C /* Project object */;
}
